
Microsoft Visual Studio Solution File, Format Version 12.00
# Visual Studio Version 17
VisualStudioVersion = 17.2.32630.192
MinimumVisualStudioVersion = 10.0.40219.1
Project("{FAE04EC0-301F-11D3-BF4B-00C04F79EFBC}") = "Activity 10_2", "Activity 10_2\Activity 10_2.csproj", "{FAC95646-8C27-4B74-9539-EEAE5880D998}"
EndProject
Global
	GlobalSection(SolutionConfigurationPlatforms) = preSolution
		Debug|Any CPU = Debug|Any CPU
		Release|Any CPU = Release|Any CPU
	EndGlobalSection
	GlobalSection(ProjectConfigurationPlatforms) = postSolution
		{FAC95646-8C27-4B74-9539-EEAE5880D998}.Debug|Any CPU.ActiveCfg = Debug|Any CPU
		{FAC95646-8C27-4B74-9539-EEAE5880D998}.Debug|Any CPU.Build.0 = Debug|Any CPU
		{FAC95646-8C27-4B74-9539-EEAE5880D998}.Release|Any CPU.ActiveCfg = Release|Any CPU
		{FAC95646-8C27-4B74-9539-EEAE5880D998}.Release|Any CPU.Build.0 = Release|Any CPU
	EndGlobalSection
	GlobalSection(SolutionProperties) = preSolution
		HideSolutionNode = FALSE
	EndGlobalSection
	GlobalSection(ExtensibilityGlobals) = postSolution
		SolutionGuid = {2C955C00-237D-4F3F-9402-5026DE34BF00}
	EndGlobalSection
EndGlobal
