
Microsoft Visual Studio Solution File, Format Version 12.00
# Visual Studio Version 17
VisualStudioVersion = 17.2.32630.192
MinimumVisualStudioVersion = 10.0.40219.1
Project("{FAE04EC0-301F-11D3-BF4B-00C04F79EFBC}") = "Activity 13", "Activity 13\Activity 13.csproj", "{F51560F1-CF16-4EB8-9CD7-3E474252D186}"
EndProject
Global
	GlobalSection(SolutionConfigurationPlatforms) = preSolution
		Debug|Any CPU = Debug|Any CPU
		Release|Any CPU = Release|Any CPU
	EndGlobalSection
	GlobalSection(ProjectConfigurationPlatforms) = postSolution
		{F51560F1-CF16-4EB8-9CD7-3E474252D186}.Debug|Any CPU.ActiveCfg = Debug|Any CPU
		{F51560F1-CF16-4EB8-9CD7-3E474252D186}.Debug|Any CPU.Build.0 = Debug|Any CPU
		{F51560F1-CF16-4EB8-9CD7-3E474252D186}.Release|Any CPU.ActiveCfg = Release|Any CPU
		{F51560F1-CF16-4EB8-9CD7-3E474252D186}.Release|Any CPU.Build.0 = Release|Any CPU
	EndGlobalSection
	GlobalSection(SolutionProperties) = preSolution
		HideSolutionNode = FALSE
	EndGlobalSection
	GlobalSection(ExtensibilityGlobals) = postSolution
		SolutionGuid = {BEA2DB11-DDB9-44BA-BF98-16F473C451C3}
	EndGlobalSection
EndGlobal
